// !$*UTF8*$!
{
	archiveVersion = 1;
	classes = {
	};
	objectVersion = 56;
	objects = {

/* Begin PBXBuildFile section */
		316B094C5AB9FFB8AD65752C /* Pods_MassageDT.framework in Frameworks */ = {isa = PBXBuildFile; fileRef = 594B108ABE2F68AF7AAE61E0 /* Pods_MassageDT.framework */; };
		652C7D702B5AD23300F2793D /* BaseTabBarControllerView.swift in Sources */ = {isa = PBXBuildFile; fileRef = 652C7D6F2B5AD23300F2793D /* BaseTabBarControllerView.swift */; };
		652C7D752B5AD49400F2793D /* EleganceVC.swift in Sources */ = {isa = PBXBuildFile; fileRef = 652C7D742B5AD49400F2793D /* EleganceVC.swift */; };
		652C7D772B5AD4A300F2793D /* LeisureVC.swift in Sources */ = {isa = PBXBuildFile; fileRef = 652C7D762B5AD4A300F2793D /* LeisureVC.swift */; };
		652C7D792B5AD4AD00F2793D /* MineVC.swift in Sources */ = {isa = PBXBuildFile; fileRef = 652C7D782B5AD4AD00F2793D /* MineVC.swift */; };
		652C7D7C2B5AD7D300F2793D /* EleganceView.swift in Sources */ = {isa = PBXBuildFile; fileRef = 652C7D7B2B5AD7D300F2793D /* EleganceView.swift */; };
		652C7D9D2B5AEC0800F2793D /* TypeView.swift in Sources */ = {isa = PBXBuildFile; fileRef = 652C7D9C2B5AEC0800F2793D /* TypeView.swift */; };
		654BFF752B581E54003880E0 /* SystemCaching.swift in Sources */ = {isa = PBXBuildFile; fileRef = 654BFF742B581E54003880E0 /* SystemCaching.swift */; };
		654BFF782B58236D003880E0 /* PrivacyPopUpView.swift in Sources */ = {isa = PBXBuildFile; fileRef = 654BFF772B58236D003880E0 /* PrivacyPopUpView.swift */; };
		654BFF7A2B5824E6003880E0 /* ScreenInfor.swift in Sources */ = {isa = PBXBuildFile; fileRef = 654BFF792B5824E6003880E0 /* ScreenInfor.swift */; };
		654BFF7C2B58268E003880E0 /* SystemTool.swift in Sources */ = {isa = PBXBuildFile; fileRef = 654BFF7B2B58268E003880E0 /* SystemTool.swift */; };
		654BFF7F2B582A52003880E0 /* UIkitExtension.swift in Sources */ = {isa = PBXBuildFile; fileRef = 654BFF7E2B582A52003880E0 /* UIkitExtension.swift */; };
		654BFF822B58AE9F003880E0 /* AppPeriod.swift in Sources */ = {isa = PBXBuildFile; fileRef = 654BFF812B58AE9F003880E0 /* AppPeriod.swift */; };
		654BFF862B58C7CD003880E0 /* BaseViewController.swift in Sources */ = {isa = PBXBuildFile; fileRef = 654BFF852B58C7CD003880E0 /* BaseViewController.swift */; };
		654BFF882B58C833003880E0 /* LoginVC.swift in Sources */ = {isa = PBXBuildFile; fileRef = 654BFF872B58C833003880E0 /* LoginVC.swift */; };
		654BFF8A2B58D184003880E0 /* BaseNavigationController.swift in Sources */ = {isa = PBXBuildFile; fileRef = 654BFF892B58D184003880E0 /* BaseNavigationController.swift */; };
		655639B82B5AC75C00AB0DC2 /* ProtocolPolicyVC.swift in Sources */ = {isa = PBXBuildFile; fileRef = 655639B72B5AC75C00AB0DC2 /* ProtocolPolicyVC.swift */; };
		6572731C2BD60D270010C642 /* ReservationServiceVC.swift in Sources */ = {isa = PBXBuildFile; fileRef = 6572731B2BD60D270010C642 /* ReservationServiceVC.swift */; };
		6572731E2BD60D350010C642 /* ReservationServiceView.swift in Sources */ = {isa = PBXBuildFile; fileRef = 6572731D2BD60D350010C642 /* ReservationServiceView.swift */; };
		657273202BD6126A0010C642 /* ReservationServiceSuccessVC.swift in Sources */ = {isa = PBXBuildFile; fileRef = 6572731F2BD6126A0010C642 /* ReservationServiceSuccessVC.swift */; };
		657273222BD612BC0010C642 /* ReservationServiceSuccessView.swift in Sources */ = {isa = PBXBuildFile; fileRef = 657273212BD612BC0010C642 /* ReservationServiceSuccessView.swift */; };
		657273292BD685BE0010C642 /* UIButton+Ex.swift in Sources */ = {isa = PBXBuildFile; fileRef = 657273282BD685BE0010C642 /* UIButton+Ex.swift */; };
		6572732B2BD689860010C642 /* MineWebVC.swift in Sources */ = {isa = PBXBuildFile; fileRef = 6572732A2BD689860010C642 /* MineWebVC.swift */; };
		6572732D2BD68FDA0010C642 /* WxPayTool.swift in Sources */ = {isa = PBXBuildFile; fileRef = 6572732C2BD68FDA0010C642 /* WxPayTool.swift */; };
		658AE90B2B5C0D4A00BB26CA /* VoiceListView.swift in Sources */ = {isa = PBXBuildFile; fileRef = 658AE90A2B5C0D4A00BB26CA /* VoiceListView.swift */; };
		658AE90D2B5C0D8300BB26CA /* EleganceVideoView.swift in Sources */ = {isa = PBXBuildFile; fileRef = 658AE90C2B5C0D8300BB26CA /* EleganceVideoView.swift */; };
		658AE9112B5C210E00BB26CA /* MoreView.swift in Sources */ = {isa = PBXBuildFile; fileRef = 658AE9102B5C210E00BB26CA /* MoreView.swift */; };
		658AE9132B5C27AB00BB26CA /* KeyWindowPopView.swift in Sources */ = {isa = PBXBuildFile; fileRef = 658AE9122B5C27AB00BB26CA /* KeyWindowPopView.swift */; };
		658AE9152B5C2C8100BB26CA /* FollowVC.swift in Sources */ = {isa = PBXBuildFile; fileRef = 658AE9142B5C2C8100BB26CA /* FollowVC.swift */; };
		658AE9172B5C2CE100BB26CA /* FollowView.swift in Sources */ = {isa = PBXBuildFile; fileRef = 658AE9162B5C2CE100BB26CA /* FollowView.swift */; };
		658AE91A2B5D502400BB26CA /* VideoView.swift in Sources */ = {isa = PBXBuildFile; fileRef = 658AE9192B5D502400BB26CA /* VideoView.swift */; };
		658AE91C2B5D564500BB26CA /* VideoViewVC.swift in Sources */ = {isa = PBXBuildFile; fileRef = 658AE91B2B5D564500BB26CA /* VideoViewVC.swift */; };
		658AE91E2B5D7AC900BB26CA /* KeFuVC.swift in Sources */ = {isa = PBXBuildFile; fileRef = 658AE91D2B5D7AC900BB26CA /* KeFuVC.swift */; };
		658AE9202B5DFA3B00BB26CA /* SetVC.swift in Sources */ = {isa = PBXBuildFile; fileRef = 658AE91F2B5DFA3B00BB26CA /* SetVC.swift */; };
		658AE9232B5DFA5300BB26CA /* SetView.swift in Sources */ = {isa = PBXBuildFile; fileRef = 658AE9222B5DFA5300BB26CA /* SetView.swift */; };
		658AE92F2B5EAFEB00BB26CA /* ImagePickerManager.swift in Sources */ = {isa = PBXBuildFile; fileRef = 658AE92E2B5EAFEA00BB26CA /* ImagePickerManager.swift */; };
		658AE9332B5EB7AC00BB26CA /* LogOffView.swift in Sources */ = {isa = PBXBuildFile; fileRef = 658AE9322B5EB7AC00BB26CA /* LogOffView.swift */; };
		658AE9352B5EBC0600BB26CA /* LogOutView.swift in Sources */ = {isa = PBXBuildFile; fileRef = 658AE9342B5EBC0600BB26CA /* LogOutView.swift */; };
		658AE9372B5EBF6D00BB26CA /* UserDetailsView.swift in Sources */ = {isa = PBXBuildFile; fileRef = 658AE9362B5EBF6D00BB26CA /* UserDetailsView.swift */; };
		658AE93B2B5EC72F00BB26CA /* UserDetailsVC.swift in Sources */ = {isa = PBXBuildFile; fileRef = 658AE93A2B5EC72F00BB26CA /* UserDetailsVC.swift */; };
		658AE9432B5FBC8700BB26CA /* UserAlbumListView.swift in Sources */ = {isa = PBXBuildFile; fileRef = 658AE9422B5FBC8700BB26CA /* UserAlbumListView.swift */; };
		658AE9452B5FC09600BB26CA /* UserAlbumListVC.swift in Sources */ = {isa = PBXBuildFile; fileRef = 658AE9442B5FC09600BB26CA /* UserAlbumListVC.swift */; };
		658AE9582B6208AB00BB26CA /* NetWork.swift in Sources */ = {isa = PBXBuildFile; fileRef = 658AE9572B6208AB00BB26CA /* NetWork.swift */; };
		658AE95A2B620D4300BB26CA /* libTalkingDataSDK.a in Frameworks */ = {isa = PBXBuildFile; fileRef = 658AE9592B620D4200BB26CA /* libTalkingDataSDK.a */; };
		658AE95D2B620D7000BB26CA /* AdServices.framework in Frameworks */ = {isa = PBXBuildFile; fileRef = 658AE95C2B620D7000BB26CA /* AdServices.framework */; };
		658AE95F2B620D7900BB26CA /* iAd.framework in Frameworks */ = {isa = PBXBuildFile; fileRef = 658AE95E2B620D7900BB26CA /* iAd.framework */; };
		658AE9632B620D8E00BB26CA /* AppTrackingTransparency.framework in Frameworks */ = {isa = PBXBuildFile; fileRef = 658AE9622B620D8E00BB26CA /* AppTrackingTransparency.framework */; };
		658AE9652B620D9500BB26CA /* AdSupport.framework in Frameworks */ = {isa = PBXBuildFile; fileRef = 658AE9642B620D9500BB26CA /* AdSupport.framework */; };
		658AE9672B620D9C00BB26CA /* CoreTelephony.framework in Frameworks */ = {isa = PBXBuildFile; fileRef = 658AE9662B620D9C00BB26CA /* CoreTelephony.framework */; };
		658AE9692B620DA400BB26CA /* Security.framework in Frameworks */ = {isa = PBXBuildFile; fileRef = 658AE9682B620DA400BB26CA /* Security.framework */; };
		658AE96B2B620DAD00BB26CA /* SystemConfiguration.framework in Frameworks */ = {isa = PBXBuildFile; fileRef = 658AE96A2B620DAD00BB26CA /* SystemConfiguration.framework */; };
		658AE96D2B620DB900BB26CA /* libc++.tbd in Frameworks */ = {isa = PBXBuildFile; fileRef = 658AE96C2B620DB900BB26CA /* libc++.tbd */; };
		658AE96F2B620DC300BB26CA /* libz.tbd in Frameworks */ = {isa = PBXBuildFile; fileRef = 658AE96E2B620DC300BB26CA /* libz.tbd */; };
		658AE9732B622B0200BB26CA /* LocationManager.swift in Sources */ = {isa = PBXBuildFile; fileRef = 658AE9722B622B0200BB26CA /* LocationManager.swift */; };
		658AE97B2B62BF5A00BB26CA /* NetWorkModel.swift in Sources */ = {isa = PBXBuildFile; fileRef = 658AE97A2B62BF5A00BB26CA /* NetWorkModel.swift */; };
		658AE9842B63A04900BB26CA /* LeisureDetailsVC.swift in Sources */ = {isa = PBXBuildFile; fileRef = 658AE9832B63A04900BB26CA /* LeisureDetailsVC.swift */; };
		658AE9862B63B21F00BB26CA /* AudioManager.swift in Sources */ = {isa = PBXBuildFile; fileRef = 658AE9852B63B21F00BB26CA /* AudioManager.swift */; };
		658AE9882B6531D300BB26CA /* FileAvatarManager.swift in Sources */ = {isa = PBXBuildFile; fileRef = 658AE9872B6531D300BB26CA /* FileAvatarManager.swift */; };
		658AE98C2B677FBF00BB26CA /* ImageShowView.swift in Sources */ = {isa = PBXBuildFile; fileRef = 658AE98B2B677FBF00BB26CA /* ImageShowView.swift */; };
		65BFA7922B56723000F61805 /* AppDelegate.swift in Sources */ = {isa = PBXBuildFile; fileRef = 65BFA7912B56723000F61805 /* AppDelegate.swift */; };
		65BFA7942B56723000F61805 /* SceneDelegate.swift in Sources */ = {isa = PBXBuildFile; fileRef = 65BFA7932B56723000F61805 /* SceneDelegate.swift */; };
		65BFA7962B56723000F61805 /* ViewController.swift in Sources */ = {isa = PBXBuildFile; fileRef = 65BFA7952B56723000F61805 /* ViewController.swift */; };
		65BFA7992B56723000F61805 /* Main.storyboard in Resources */ = {isa = PBXBuildFile; fileRef = 65BFA7972B56723000F61805 /* Main.storyboard */; };
		65BFA79B2B56723200F61805 /* Assets.xcassets in Resources */ = {isa = PBXBuildFile; fileRef = 65BFA79A2B56723200F61805 /* Assets.xcassets */; };
		65BFA79E2B56723200F61805 /* LaunchScreen.storyboard in Resources */ = {isa = PBXBuildFile; fileRef = 65BFA79C2B56723200F61805 /* LaunchScreen.storyboard */; };
		65EB27EC2BD8F9BF0023665E /* MD_MessageVC.swift in Sources */ = {isa = PBXBuildFile; fileRef = 65EB27EB2BD8F9BF0023665E /* MD_MessageVC.swift */; };
/* End PBXBuildFile section */

/* Begin PBXFileReference section */
		10503D0A00D50561B7276F28 /* Pods-MassageDT.debug.xcconfig */ = {isa = PBXFileReference; includeInIndex = 1; lastKnownFileType = text.xcconfig; name = "Pods-MassageDT.debug.xcconfig"; path = "Target Support Files/Pods-MassageDT/Pods-MassageDT.debug.xcconfig"; sourceTree = "<group>"; };
		594B108ABE2F68AF7AAE61E0 /* Pods_MassageDT.framework */ = {isa = PBXFileReference; explicitFileType = wrapper.framework; includeInIndex = 0; path = Pods_MassageDT.framework; sourceTree = BUILT_PRODUCTS_DIR; };
		652C7D6F2B5AD23300F2793D /* BaseTabBarControllerView.swift */ = {isa = PBXFileReference; lastKnownFileType = sourcecode.swift; path = BaseTabBarControllerView.swift; sourceTree = "<group>"; };
		652C7D742B5AD49400F2793D /* EleganceVC.swift */ = {isa = PBXFileReference; lastKnownFileType = sourcecode.swift; path = EleganceVC.swift; sourceTree = "<group>"; };
		652C7D762B5AD4A300F2793D /* LeisureVC.swift */ = {isa = PBXFileReference; lastKnownFileType = sourcecode.swift; name = LeisureVC.swift; path = MassageDT/Tool/LeisureVC.swift; sourceTree = SOURCE_ROOT; };
		652C7D782B5AD4AD00F2793D /* MineVC.swift */ = {isa = PBXFileReference; lastKnownFileType = sourcecode.swift; path = MineVC.swift; sourceTree = "<group>"; };
		652C7D7B2B5AD7D300F2793D /* EleganceView.swift */ = {isa = PBXFileReference; lastKnownFileType = sourcecode.swift; path = EleganceView.swift; sourceTree = "<group>"; };
		652C7D9C2B5AEC0800F2793D /* TypeView.swift */ = {isa = PBXFileReference; lastKnownFileType = sourcecode.swift; path = TypeView.swift; sourceTree = "<group>"; };
		654BFF742B581E54003880E0 /* SystemCaching.swift */ = {isa = PBXFileReference; lastKnownFileType = sourcecode.swift; path = SystemCaching.swift; sourceTree = "<group>"; };
		654BFF772B58236D003880E0 /* PrivacyPopUpView.swift */ = {isa = PBXFileReference; lastKnownFileType = sourcecode.swift; path = PrivacyPopUpView.swift; sourceTree = "<group>"; };
		654BFF792B5824E6003880E0 /* ScreenInfor.swift */ = {isa = PBXFileReference; lastKnownFileType = sourcecode.swift; path = ScreenInfor.swift; sourceTree = "<group>"; };
		654BFF7B2B58268E003880E0 /* SystemTool.swift */ = {isa = PBXFileReference; lastKnownFileType = sourcecode.swift; path = SystemTool.swift; sourceTree = "<group>"; };
		654BFF7E2B582A52003880E0 /* UIkitExtension.swift */ = {isa = PBXFileReference; lastKnownFileType = sourcecode.swift; path = UIkitExtension.swift; sourceTree = "<group>"; };
		654BFF812B58AE9F003880E0 /* AppPeriod.swift */ = {isa = PBXFileReference; lastKnownFileType = sourcecode.swift; path = AppPeriod.swift; sourceTree = "<group>"; };
		654BFF852B58C7CD003880E0 /* BaseViewController.swift */ = {isa = PBXFileReference; lastKnownFileType = sourcecode.swift; path = BaseViewController.swift; sourceTree = "<group>"; };
		654BFF872B58C833003880E0 /* LoginVC.swift */ = {isa = PBXFileReference; lastKnownFileType = sourcecode.swift; path = LoginVC.swift; sourceTree = "<group>"; };
		654BFF892B58D184003880E0 /* BaseNavigationController.swift */ = {isa = PBXFileReference; lastKnownFileType = sourcecode.swift; path = BaseNavigationController.swift; sourceTree = "<group>"; };
		655639B72B5AC75C00AB0DC2 /* ProtocolPolicyVC.swift */ = {isa = PBXFileReference; lastKnownFileType = sourcecode.swift; path = ProtocolPolicyVC.swift; sourceTree = "<group>"; };
		6572731B2BD60D270010C642 /* ReservationServiceVC.swift */ = {isa = PBXFileReference; lastKnownFileType = sourcecode.swift; path = ReservationServiceVC.swift; sourceTree = "<group>"; };
		6572731D2BD60D350010C642 /* ReservationServiceView.swift */ = {isa = PBXFileReference; lastKnownFileType = sourcecode.swift; path = ReservationServiceView.swift; sourceTree = "<group>"; };
		6572731F2BD6126A0010C642 /* ReservationServiceSuccessVC.swift */ = {isa = PBXFileReference; lastKnownFileType = sourcecode.swift; path = ReservationServiceSuccessVC.swift; sourceTree = "<group>"; };
		657273212BD612BC0010C642 /* ReservationServiceSuccessView.swift */ = {isa = PBXFileReference; lastKnownFileType = sourcecode.swift; path = ReservationServiceSuccessView.swift; sourceTree = "<group>"; };
		657273282BD685BE0010C642 /* UIButton+Ex.swift */ = {isa = PBXFileReference; lastKnownFileType = sourcecode.swift; path = "UIButton+Ex.swift"; sourceTree = "<group>"; };
		6572732A2BD689860010C642 /* MineWebVC.swift */ = {isa = PBXFileReference; lastKnownFileType = sourcecode.swift; path = MineWebVC.swift; sourceTree = "<group>"; };
		6572732C2BD68FDA0010C642 /* WxPayTool.swift */ = {isa = PBXFileReference; lastKnownFileType = sourcecode.swift; path = WxPayTool.swift; sourceTree = "<group>"; };
		658AE90A2B5C0D4A00BB26CA /* VoiceListView.swift */ = {isa = PBXFileReference; lastKnownFileType = sourcecode.swift; path = VoiceListView.swift; sourceTree = "<group>"; };
		658AE90C2B5C0D8300BB26CA /* EleganceVideoView.swift */ = {isa = PBXFileReference; lastKnownFileType = sourcecode.swift; path = EleganceVideoView.swift; sourceTree = "<group>"; };
		658AE9102B5C210E00BB26CA /* MoreView.swift */ = {isa = PBXFileReference; fileEncoding = 4; lastKnownFileType = sourcecode.swift; path = MoreView.swift; sourceTree = "<group>"; };
		658AE9122B5C27AB00BB26CA /* KeyWindowPopView.swift */ = {isa = PBXFileReference; lastKnownFileType = sourcecode.swift; path = KeyWindowPopView.swift; sourceTree = "<group>"; };
		658AE9142B5C2C8100BB26CA /* FollowVC.swift */ = {isa = PBXFileReference; lastKnownFileType = sourcecode.swift; path = FollowVC.swift; sourceTree = "<group>"; };
		658AE9162B5C2CE100BB26CA /* FollowView.swift */ = {isa = PBXFileReference; lastKnownFileType = sourcecode.swift; path = FollowView.swift; sourceTree = "<group>"; };
		658AE9192B5D502400BB26CA /* VideoView.swift */ = {isa = PBXFileReference; lastKnownFileType = sourcecode.swift; path = VideoView.swift; sourceTree = "<group>"; };
		658AE91B2B5D564500BB26CA /* VideoViewVC.swift */ = {isa = PBXFileReference; lastKnownFileType = sourcecode.swift; path = VideoViewVC.swift; sourceTree = "<group>"; };
		658AE91D2B5D7AC900BB26CA /* KeFuVC.swift */ = {isa = PBXFileReference; lastKnownFileType = sourcecode.swift; path = KeFuVC.swift; sourceTree = "<group>"; };
		658AE91F2B5DFA3B00BB26CA /* SetVC.swift */ = {isa = PBXFileReference; lastKnownFileType = sourcecode.swift; path = SetVC.swift; sourceTree = "<group>"; };
		658AE9222B5DFA5300BB26CA /* SetView.swift */ = {isa = PBXFileReference; lastKnownFileType = sourcecode.swift; path = SetView.swift; sourceTree = "<group>"; };
		658AE92E2B5EAFEA00BB26CA /* ImagePickerManager.swift */ = {isa = PBXFileReference; lastKnownFileType = sourcecode.swift; path = ImagePickerManager.swift; sourceTree = "<group>"; };
		658AE9322B5EB7AC00BB26CA /* LogOffView.swift */ = {isa = PBXFileReference; lastKnownFileType = sourcecode.swift; path = LogOffView.swift; sourceTree = "<group>"; };
		658AE9342B5EBC0600BB26CA /* LogOutView.swift */ = {isa = PBXFileReference; lastKnownFileType = sourcecode.swift; path = LogOutView.swift; sourceTree = "<group>"; };
		658AE9362B5EBF6D00BB26CA /* UserDetailsView.swift */ = {isa = PBXFileReference; lastKnownFileType = sourcecode.swift; path = UserDetailsView.swift; sourceTree = "<group>"; };
		658AE93A2B5EC72F00BB26CA /* UserDetailsVC.swift */ = {isa = PBXFileReference; lastKnownFileType = sourcecode.swift; path = UserDetailsVC.swift; sourceTree = "<group>"; };
		658AE9422B5FBC8700BB26CA /* UserAlbumListView.swift */ = {isa = PBXFileReference; lastKnownFileType = sourcecode.swift; path = UserAlbumListView.swift; sourceTree = "<group>"; };
		658AE9442B5FC09600BB26CA /* UserAlbumListVC.swift */ = {isa = PBXFileReference; lastKnownFileType = sourcecode.swift; path = UserAlbumListVC.swift; sourceTree = "<group>"; };
		658AE9572B6208AB00BB26CA /* NetWork.swift */ = {isa = PBXFileReference; lastKnownFileType = sourcecode.swift; path = NetWork.swift; sourceTree = "<group>"; };
		658AE9592B620D4200BB26CA /* libTalkingDataSDK.a */ = {isa = PBXFileReference; lastKnownFileType = archive.ar; path = libTalkingDataSDK.a; sourceTree = "<group>"; };
		658AE95B2B620D4B00BB26CA /* TalkingDataSDK.h */ = {isa = PBXFileReference; fileEncoding = 4; lastKnownFileType = sourcecode.c.h; path = TalkingDataSDK.h; sourceTree = "<group>"; };
		658AE95C2B620D7000BB26CA /* AdServices.framework */ = {isa = PBXFileReference; lastKnownFileType = wrapper.framework; name = AdServices.framework; path = System/Library/Frameworks/AdServices.framework; sourceTree = SDKROOT; };
		658AE95E2B620D7900BB26CA /* iAd.framework */ = {isa = PBXFileReference; lastKnownFileType = wrapper.framework; name = iAd.framework; path = System/Library/Frameworks/iAd.framework; sourceTree = SDKROOT; };
		658AE9622B620D8E00BB26CA /* AppTrackingTransparency.framework */ = {isa = PBXFileReference; lastKnownFileType = wrapper.framework; name = AppTrackingTransparency.framework; path = System/Library/Frameworks/AppTrackingTransparency.framework; sourceTree = SDKROOT; };
		658AE9642B620D9500BB26CA /* AdSupport.framework */ = {isa = PBXFileReference; lastKnownFileType = wrapper.framework; name = AdSupport.framework; path = System/Library/Frameworks/AdSupport.framework; sourceTree = SDKROOT; };
		658AE9662B620D9C00BB26CA /* CoreTelephony.framework */ = {isa = PBXFileReference; lastKnownFileType = wrapper.framework; name = CoreTelephony.framework; path = System/Library/Frameworks/CoreTelephony.framework; sourceTree = SDKROOT; };
		658AE9682B620DA400BB26CA /* Security.framework */ = {isa = PBXFileReference; lastKnownFileType = wrapper.framework; name = Security.framework; path = System/Library/Frameworks/Security.framework; sourceTree = SDKROOT; };
		658AE96A2B620DAD00BB26CA /* SystemConfiguration.framework */ = {isa = PBXFileReference; lastKnownFileType = wrapper.framework; name = SystemConfiguration.framework; path = System/Library/Frameworks/SystemConfiguration.framework; sourceTree = SDKROOT; };
		658AE96C2B620DB900BB26CA /* libc++.tbd */ = {isa = PBXFileReference; lastKnownFileType = "sourcecode.text-based-dylib-definition"; name = "libc++.tbd"; path = "usr/lib/libc++.tbd"; sourceTree = SDKROOT; };
		658AE96E2B620DC300BB26CA /* libz.tbd */ = {isa = PBXFileReference; lastKnownFileType = "sourcecode.text-based-dylib-definition"; name = libz.tbd; path = usr/lib/libz.tbd; sourceTree = SDKROOT; };
		658AE9702B620E7A00BB26CA /* MassageDTRelease.entitlements */ = {isa = PBXFileReference; lastKnownFileType = text.plist.entitlements; path = MassageDTRelease.entitlements; sourceTree = "<group>"; };
		658AE9722B622B0200BB26CA /* LocationManager.swift */ = {isa = PBXFileReference; lastKnownFileType = sourcecode.swift; path = LocationManager.swift; sourceTree = "<group>"; };
		658AE9762B62B1EB00BB26CA /* MassageDT-Bridging-Header.h */ = {isa = PBXFileReference; lastKnownFileType = sourcecode.c.h; path = "MassageDT-Bridging-Header.h"; sourceTree = "<group>"; };
		658AE97A2B62BF5A00BB26CA /* NetWorkModel.swift */ = {isa = PBXFileReference; lastKnownFileType = sourcecode.swift; path = NetWorkModel.swift; sourceTree = "<group>"; };
		658AE9832B63A04900BB26CA /* LeisureDetailsVC.swift */ = {isa = PBXFileReference; lastKnownFileType = sourcecode.swift; path = LeisureDetailsVC.swift; sourceTree = "<group>"; };
		658AE9852B63B21F00BB26CA /* AudioManager.swift */ = {isa = PBXFileReference; lastKnownFileType = sourcecode.swift; path = AudioManager.swift; sourceTree = "<group>"; };
		658AE9872B6531D300BB26CA /* FileAvatarManager.swift */ = {isa = PBXFileReference; lastKnownFileType = sourcecode.swift; path = FileAvatarManager.swift; sourceTree = "<group>"; };
		658AE98B2B677FBF00BB26CA /* ImageShowView.swift */ = {isa = PBXFileReference; lastKnownFileType = sourcecode.swift; path = ImageShowView.swift; sourceTree = "<group>"; };
		65BFA78E2B56723000F61805 /* MassageDT.app */ = {isa = PBXFileReference; explicitFileType = wrapper.application; includeInIndex = 0; path = MassageDT.app; sourceTree = BUILT_PRODUCTS_DIR; };
		65BFA7912B56723000F61805 /* AppDelegate.swift */ = {isa = PBXFileReference; lastKnownFileType = sourcecode.swift; path = AppDelegate.swift; sourceTree = "<group>"; };
		65BFA7932B56723000F61805 /* SceneDelegate.swift */ = {isa = PBXFileReference; lastKnownFileType = sourcecode.swift; path = SceneDelegate.swift; sourceTree = "<group>"; };
		65BFA7952B56723000F61805 /* ViewController.swift */ = {isa = PBXFileReference; lastKnownFileType = sourcecode.swift; path = ViewController.swift; sourceTree = "<group>"; };
		65BFA7982B56723000F61805 /* Base */ = {isa = PBXFileReference; lastKnownFileType = file.storyboard; name = Base; path = Base.lproj/Main.storyboard; sourceTree = "<group>"; };
		65BFA79A2B56723200F61805 /* Assets.xcassets */ = {isa = PBXFileReference; lastKnownFileType = folder.assetcatalog; path = Assets.xcassets; sourceTree = "<group>"; };
		65BFA79D2B56723200F61805 /* Base */ = {isa = PBXFileReference; lastKnownFileType = file.storyboard; name = Base; path = Base.lproj/LaunchScreen.storyboard; sourceTree = "<group>"; };
		65BFA79F2B56723200F61805 /* Info.plist */ = {isa = PBXFileReference; lastKnownFileType = text.plist.xml; path = Info.plist; sourceTree = "<group>"; };
		65EB27E92BD8EA8B0023665E /* MassageDT.entitlements */ = {isa = PBXFileReference; lastKnownFileType = text.plist.entitlements; path = MassageDT.entitlements; sourceTree = "<group>"; };
		65EB27EB2BD8F9BF0023665E /* MD_MessageVC.swift */ = {isa = PBXFileReference; lastKnownFileType = sourcecode.swift; path = MD_MessageVC.swift; sourceTree = "<group>"; };
		DEC8B311AEB73DDF1F4517DB /* Pods-MassageDT.release.xcconfig */ = {isa = PBXFileReference; includeInIndex = 1; lastKnownFileType = text.xcconfig; name = "Pods-MassageDT.release.xcconfig"; path = "Target Support Files/Pods-MassageDT/Pods-MassageDT.release.xcconfig"; sourceTree = "<group>"; };
/* End PBXFileReference section */

/* Begin PBXFrameworksBuildPhase section */
		65BFA78B2B56723000F61805 /* Frameworks */ = {
			isa = PBXFrameworksBuildPhase;
			buildActionMask = 2147483647;
			files = (
				658AE96F2B620DC300BB26CA /* libz.tbd in Frameworks */,
				658AE96D2B620DB900BB26CA /* libc++.tbd in Frameworks */,
				658AE96B2B620DAD00BB26CA /* SystemConfiguration.framework in Frameworks */,
				658AE9692B620DA400BB26CA /* Security.framework in Frameworks */,
				658AE9672B620D9C00BB26CA /* CoreTelephony.framework in Frameworks */,
				658AE9652B620D9500BB26CA /* AdSupport.framework in Frameworks */,
				658AE9632B620D8E00BB26CA /* AppTrackingTransparency.framework in Frameworks */,
				658AE95F2B620D7900BB26CA /* iAd.framework in Frameworks */,
				658AE95D2B620D7000BB26CA /* AdServices.framework in Frameworks */,
				316B094C5AB9FFB8AD65752C /* Pods_MassageDT.framework in Frameworks */,
				658AE95A2B620D4300BB26CA /* libTalkingDataSDK.a in Frameworks */,
			);
			runOnlyForDeploymentPostprocessing = 0;
		};
/* End PBXFrameworksBuildPhase section */

/* Begin PBXGroup section */
		652C7D712B5AD3EA00F2793D /* Elegance */ = {
			isa = PBXGroup;
			children = (
				658AE9182B5D500E00BB26CA /* VideoView */,
				652C7D7A2B5AD7C200F2793D /* View */,
				652C7D742B5AD49400F2793D /* EleganceVC.swift */,
				658AE9142B5C2C8100BB26CA /* FollowVC.swift */,
				658AE91B2B5D564500BB26CA /* VideoViewVC.swift */,
				658AE93A2B5EC72F00BB26CA /* UserDetailsVC.swift */,
				658AE9442B5FC09600BB26CA /* UserAlbumListVC.swift */,
				6572731B2BD60D270010C642 /* ReservationServiceVC.swift */,
				6572731F2BD6126A0010C642 /* ReservationServiceSuccessVC.swift */,
			);
			path = Elegance;
			sourceTree = "<group>";
		};
		652C7D722B5AD43F00F2793D /* Leisure */ = {
			isa = PBXGroup;
			children = (
				652C7D762B5AD4A300F2793D /* LeisureVC.swift */,
				658AE9832B63A04900BB26CA /* LeisureDetailsVC.swift */,
			);
			path = Leisure;
			sourceTree = "<group>";
		};
		652C7D732B5AD45D00F2793D /* Mine */ = {
			isa = PBXGroup;
			children = (
				658AE9212B5DFA3F00BB26CA /* View */,
				652C7D782B5AD4AD00F2793D /* MineVC.swift */,
				658AE91D2B5D7AC900BB26CA /* KeFuVC.swift */,
				658AE91F2B5DFA3B00BB26CA /* SetVC.swift */,
				6572732A2BD689860010C642 /* MineWebVC.swift */,
			);
			path = Mine;
			sourceTree = "<group>";
		};
		652C7D7A2B5AD7C200F2793D /* View */ = {
			isa = PBXGroup;
			children = (
				658AE9102B5C210E00BB26CA /* MoreView.swift */,
				652C7D7B2B5AD7D300F2793D /* EleganceView.swift */,
				652C7D9C2B5AEC0800F2793D /* TypeView.swift */,
				658AE90A2B5C0D4A00BB26CA /* VoiceListView.swift */,
				658AE90C2B5C0D8300BB26CA /* EleganceVideoView.swift */,
				658AE9162B5C2CE100BB26CA /* FollowView.swift */,
				658AE9362B5EBF6D00BB26CA /* UserDetailsView.swift */,
				658AE9422B5FBC8700BB26CA /* UserAlbumListView.swift */,
				658AE98B2B677FBF00BB26CA /* ImageShowView.swift */,
				6572731D2BD60D350010C642 /* ReservationServiceView.swift */,
				657273212BD612BC0010C642 /* ReservationServiceSuccessView.swift */,
			);
			path = View;
			sourceTree = "<group>";
		};
		654BFF732B581E23003880E0 /* Tool */ = {
			isa = PBXGroup;
			children = (
				654BFF742B581E54003880E0 /* SystemCaching.swift */,
				654BFF792B5824E6003880E0 /* ScreenInfor.swift */,
				654BFF7B2B58268E003880E0 /* SystemTool.swift */,
				658AE9122B5C27AB00BB26CA /* KeyWindowPopView.swift */,
				658AE92E2B5EAFEA00BB26CA /* ImagePickerManager.swift */,
				658AE9722B622B0200BB26CA /* LocationManager.swift */,
				658AE9852B63B21F00BB26CA /* AudioManager.swift */,
				658AE9872B6531D300BB26CA /* FileAvatarManager.swift */,
				657273282BD685BE0010C642 /* UIButton+Ex.swift */,
				6572732C2BD68FDA0010C642 /* WxPayTool.swift */,
			);
			path = Tool;
			sourceTree = "<group>";
		};
		654BFF762B582349003880E0 /* PopView */ = {
			isa = PBXGroup;
			children = (
				654BFF772B58236D003880E0 /* PrivacyPopUpView.swift */,
			);
			path = PopView;
			sourceTree = "<group>";
		};
		654BFF7D2B582A3B003880E0 /* Extension */ = {
			isa = PBXGroup;
			children = (
				654BFF7E2B582A52003880E0 /* UIkitExtension.swift */,
			);
			path = Extension;
			sourceTree = "<group>";
		};
		654BFF802B58AE8E003880E0 /* INFO */ = {
			isa = PBXGroup;
			children = (
				654BFF812B58AE9F003880E0 /* AppPeriod.swift */,
			);
			path = INFO;
			sourceTree = "<group>";
		};
		654BFF832B58C795003880E0 /* Login */ = {
			isa = PBXGroup;
			children = (
				654BFF872B58C833003880E0 /* LoginVC.swift */,
			);
			path = Login;
			sourceTree = "<group>";
		};
		654BFF842B58C7BE003880E0 /* Base */ = {
			isa = PBXGroup;
			children = (
				654BFF852B58C7CD003880E0 /* BaseViewController.swift */,
				654BFF892B58D184003880E0 /* BaseNavigationController.swift */,
				652C7D6F2B5AD23300F2793D /* BaseTabBarControllerView.swift */,
			);
			path = Base;
			sourceTree = "<group>";
		};
		655639B62B5AC74900AB0DC2 /* ProtocolPolicy */ = {
			isa = PBXGroup;
			children = (
				655639B72B5AC75C00AB0DC2 /* ProtocolPolicyVC.swift */,
			);
			path = ProtocolPolicy;
			sourceTree = "<group>";
		};
		658AE9182B5D500E00BB26CA /* VideoView */ = {
			isa = PBXGroup;
			children = (
				658AE9192B5D502400BB26CA /* VideoView.swift */,
			);
			path = VideoView;
			sourceTree = "<group>";
		};
		658AE9212B5DFA3F00BB26CA /* View */ = {
			isa = PBXGroup;
			children = (
				658AE9222B5DFA5300BB26CA /* SetView.swift */,
				658AE9322B5EB7AC00BB26CA /* LogOffView.swift */,
				658AE9342B5EBC0600BB26CA /* LogOutView.swift */,
			);
			path = View;
			sourceTree = "<group>";
		};
		658AE9562B62088B00BB26CA /* Network */ = {
			isa = PBXGroup;
			children = (
				658AE9572B6208AB00BB26CA /* NetWork.swift */,
				658AE97A2B62BF5A00BB26CA /* NetWorkModel.swift */,
			);
			path = Network;
			sourceTree = "<group>";
		};
		65BFA7852B56723000F61805 = {
			isa = PBXGroup;
			children = (
				65BFA7902B56723000F61805 /* MassageDT */,
				65BFA78F2B56723000F61805 /* Products */,
				B04E9AE9FB3939C34F43C769 /* Pods */,
				70AA590933B466C93F3C19A3 /* Frameworks */,
			);
			sourceTree = "<group>";
		};
		65BFA78F2B56723000F61805 /* Products */ = {
			isa = PBXGroup;
			children = (
				65BFA78E2B56723000F61805 /* MassageDT.app */,
			);
			name = Products;
			sourceTree = "<group>";
		};
		65BFA7902B56723000F61805 /* MassageDT */ = {
			isa = PBXGroup;
			children = (
				65EB27EA2BD8F97E0023665E /* 消息 */,
				65EB27E92BD8EA8B0023665E /* MassageDT.entitlements */,
				658AE9702B620E7A00BB26CA /* MassageDTRelease.entitlements */,
				658AE9562B62088B00BB26CA /* Network */,
				652C7D732B5AD45D00F2793D /* Mine */,
				652C7D722B5AD43F00F2793D /* Leisure */,
				652C7D712B5AD3EA00F2793D /* Elegance */,
				655639B62B5AC74900AB0DC2 /* ProtocolPolicy */,
				654BFF842B58C7BE003880E0 /* Base */,
				654BFF832B58C795003880E0 /* Login */,
				654BFF802B58AE8E003880E0 /* INFO */,
				654BFF7D2B582A3B003880E0 /* Extension */,
				654BFF762B582349003880E0 /* PopView */,
				654BFF732B581E23003880E0 /* Tool */,
				65BFA7912B56723000F61805 /* AppDelegate.swift */,
				65BFA7932B56723000F61805 /* SceneDelegate.swift */,
				65BFA7952B56723000F61805 /* ViewController.swift */,
				65BFA7972B56723000F61805 /* Main.storyboard */,
				65BFA79A2B56723200F61805 /* Assets.xcassets */,
				65BFA79C2B56723200F61805 /* LaunchScreen.storyboard */,
				65BFA79F2B56723200F61805 /* Info.plist */,
				658AE9762B62B1EB00BB26CA /* MassageDT-Bridging-Header.h */,
			);
			path = MassageDT;
			sourceTree = "<group>";
		};
		65EB27EA2BD8F97E0023665E /* 消息 */ = {
			isa = PBXGroup;
			children = (
				65EB27EB2BD8F9BF0023665E /* MD_MessageVC.swift */,
			);
			path = "消息";
			sourceTree = "<group>";
		};
		70AA590933B466C93F3C19A3 /* Frameworks */ = {
			isa = PBXGroup;
			children = (
				658AE96E2B620DC300BB26CA /* libz.tbd */,
				658AE96C2B620DB900BB26CA /* libc++.tbd */,
				658AE96A2B620DAD00BB26CA /* SystemConfiguration.framework */,
				658AE9682B620DA400BB26CA /* Security.framework */,
				658AE9662B620D9C00BB26CA /* CoreTelephony.framework */,
				658AE9642B620D9500BB26CA /* AdSupport.framework */,
				658AE9622B620D8E00BB26CA /* AppTrackingTransparency.framework */,
				658AE95E2B620D7900BB26CA /* iAd.framework */,
				658AE95C2B620D7000BB26CA /* AdServices.framework */,
				658AE95B2B620D4B00BB26CA /* TalkingDataSDK.h */,
				658AE9592B620D4200BB26CA /* libTalkingDataSDK.a */,
				594B108ABE2F68AF7AAE61E0 /* Pods_MassageDT.framework */,
			);
			name = Frameworks;
			sourceTree = "<group>";
		};
		B04E9AE9FB3939C34F43C769 /* Pods */ = {
			isa = PBXGroup;
			children = (
				10503D0A00D50561B7276F28 /* Pods-MassageDT.debug.xcconfig */,
				DEC8B311AEB73DDF1F4517DB /* Pods-MassageDT.release.xcconfig */,
			);
			path = Pods;
			sourceTree = "<group>";
		};
/* End PBXGroup section */

/* Begin PBXNativeTarget section */
		65BFA78D2B56723000F61805 /* MassageDT */ = {
			isa = PBXNativeTarget;
			buildConfigurationList = 65BFA7A22B56723200F61805 /* Build configuration list for PBXNativeTarget "MassageDT" */;
			buildPhases = (
				30BB06115449E330244CE6E1 /* [CP] Check Pods Manifest.lock */,
				65BFA78A2B56723000F61805 /* Sources */,
				65BFA78B2B56723000F61805 /* Frameworks */,
				65BFA78C2B56723000F61805 /* Resources */,
				20E55B97C4BD33ECF90AA676 /* [CP] Copy Pods Resources */,
				B917D8987E6DFF81054F30FC /* [CP] Embed Pods Frameworks */,
			);
			buildRules = (
			);
			dependencies = (
			);
			name = MassageDT;
			productName = MassageDT;
			productReference = 65BFA78E2B56723000F61805 /* MassageDT.app */;
			productType = "com.apple.product-type.application";
		};
/* End PBXNativeTarget section */

/* Begin PBXProject section */
		65BFA7862B56723000F61805 /* Project object */ = {
			isa = PBXProject;
			attributes = {
				BuildIndependentTargetsInParallel = 1;
				LastSwiftUpdateCheck = 1520;
				LastUpgradeCheck = 1520;
				TargetAttributes = {
					65BFA78D2B56723000F61805 = {
						CreatedOnToolsVersion = 15.2;
						LastSwiftMigration = 1520;
					};
				};
			};
			buildConfigurationList = 65BFA7892B56723000F61805 /* Build configuration list for PBXProject "MassageDT" */;
			compatibilityVersion = "Xcode 14.0";
			developmentRegion = en;
			hasScannedForEncodings = 0;
			knownRegions = (
				en,
				Base,
			);
			mainGroup = 65BFA7852B56723000F61805;
			productRefGroup = 65BFA78F2B56723000F61805 /* Products */;
			projectDirPath = "";
			projectRoot = "";
			targets = (
				65BFA78D2B56723000F61805 /* MassageDT */,
			);
		};
/* End PBXProject section */

/* Begin PBXResourcesBuildPhase section */
		65BFA78C2B56723000F61805 /* Resources */ = {
			isa = PBXResourcesBuildPhase;
			buildActionMask = 2147483647;
			files = (
				65BFA79E2B56723200F61805 /* LaunchScreen.storyboard in Resources */,
				65BFA79B2B56723200F61805 /* Assets.xcassets in Resources */,
				65BFA7992B56723000F61805 /* Main.storyboard in Resources */,
			);
			runOnlyForDeploymentPostprocessing = 0;
		};
/* End PBXResourcesBuildPhase section */

/* Begin PBXShellScriptBuildPhase section */
		20E55B97C4BD33ECF90AA676 /* [CP] Copy Pods Resources */ = {
			isa = PBXShellScriptBuildPhase;
			buildActionMask = 2147483647;
			files = (
			);
			inputFileListPaths = (
				"${PODS_ROOT}/Target Support Files/Pods-MassageDT/Pods-MassageDT-resources-${CONFIGURATION}-input-files.xcfilelist",
			);
			name = "[CP] Copy Pods Resources";
			outputFileListPaths = (
				"${PODS_ROOT}/Target Support Files/Pods-MassageDT/Pods-MassageDT-resources-${CONFIGURATION}-output-files.xcfilelist",
			);
			runOnlyForDeploymentPostprocessing = 0;
			shellPath = /bin/sh;
			shellScript = "\"${PODS_ROOT}/Target Support Files/Pods-MassageDT/Pods-MassageDT-resources.sh\"\n";
			showEnvVarsInLog = 0;
		};
		30BB06115449E330244CE6E1 /* [CP] Check Pods Manifest.lock */ = {
			isa = PBXShellScriptBuildPhase;
			buildActionMask = 2147483647;
			files = (
			);
			inputFileListPaths = (
			);
			inputPaths = (
				"${PODS_PODFILE_DIR_PATH}/Podfile.lock",
				"${PODS_ROOT}/Manifest.lock",
			);
			name = "[CP] Check Pods Manifest.lock";
			outputFileListPaths = (
			);
			outputPaths = (
				"$(DERIVED_FILE_DIR)/Pods-MassageDT-checkManifestLockResult.txt",
			);
			runOnlyForDeploymentPostprocessing = 0;
			shellPath = /bin/sh;
			shellScript = "diff \"${PODS_PODFILE_DIR_PATH}/Podfile.lock\" \"${PODS_ROOT}/Manifest.lock\" > /dev/null\nif [ $? != 0 ] ; then\n    # print error to STDERR\n    echo \"error: The sandbox is not in sync with the Podfile.lock. Run 'pod install' or update your CocoaPods installation.\" >&2\n    exit 1\nfi\n# This output is used by Xcode 'outputs' to avoid re-running this script phase.\necho \"SUCCESS\" > \"${SCRIPT_OUTPUT_FILE_0}\"\n";
			showEnvVarsInLog = 0;
		};
		B917D8987E6DFF81054F30FC /* [CP] Embed Pods Frameworks */ = {
			isa = PBXShellScriptBuildPhase;
			buildActionMask = 2147483647;
			files = (
			);
			inputFileListPaths = (
				"${PODS_ROOT}/Target Support Files/Pods-MassageDT/Pods-MassageDT-frameworks-${CONFIGURATION}-input-files.xcfilelist",
			);
			name = "[CP] Embed Pods Frameworks";
			outputFileListPaths = (
				"${PODS_ROOT}/Target Support Files/Pods-MassageDT/Pods-MassageDT-frameworks-${CONFIGURATION}-output-files.xcfilelist",
			);
			runOnlyForDeploymentPostprocessing = 0;
			shellPath = /bin/sh;
			shellScript = "\"${PODS_ROOT}/Target Support Files/Pods-MassageDT/Pods-MassageDT-frameworks.sh\"\n";
			showEnvVarsInLog = 0;
		};
/* End PBXShellScriptBuildPhase section */

/* Begin PBXSourcesBuildPhase section */
		65BFA78A2B56723000F61805 /* Sources */ = {
			isa = PBXSourcesBuildPhase;
			buildActionMask = 2147483647;
			files = (
				654BFF882B58C833003880E0 /* LoginVC.swift in Sources */,
				658AE91C2B5D564500BB26CA /* VideoViewVC.swift in Sources */,
				652C7D9D2B5AEC0800F2793D /* TypeView.swift in Sources */,
				658AE9332B5EB7AC00BB26CA /* LogOffView.swift in Sources */,
				654BFF822B58AE9F003880E0 /* AppPeriod.swift in Sources */,
				658AE93B2B5EC72F00BB26CA /* UserDetailsVC.swift in Sources */,
				658AE9352B5EBC0600BB26CA /* LogOutView.swift in Sources */,
				654BFF7A2B5824E6003880E0 /* ScreenInfor.swift in Sources */,
				654BFF752B581E54003880E0 /* SystemCaching.swift in Sources */,
				658AE9152B5C2C8100BB26CA /* FollowVC.swift in Sources */,
				654BFF7F2B582A52003880E0 /* UIkitExtension.swift in Sources */,
				652C7D792B5AD4AD00F2793D /* MineVC.swift in Sources */,
				658AE9582B6208AB00BB26CA /* NetWork.swift in Sources */,
				657273222BD612BC0010C642 /* ReservationServiceSuccessView.swift in Sources */,
				65BFA7962B56723000F61805 /* ViewController.swift in Sources */,
				654BFF862B58C7CD003880E0 /* BaseViewController.swift in Sources */,
				658AE9112B5C210E00BB26CA /* MoreView.swift in Sources */,
				658AE97B2B62BF5A00BB26CA /* NetWorkModel.swift in Sources */,
				658AE9132B5C27AB00BB26CA /* KeyWindowPopView.swift in Sources */,
				658AE9232B5DFA5300BB26CA /* SetView.swift in Sources */,
				658AE91A2B5D502400BB26CA /* VideoView.swift in Sources */,
				658AE9842B63A04900BB26CA /* LeisureDetailsVC.swift in Sources */,
				6572731E2BD60D350010C642 /* ReservationServiceView.swift in Sources */,
				652C7D702B5AD23300F2793D /* BaseTabBarControllerView.swift in Sources */,
				658AE9452B5FC09600BB26CA /* UserAlbumListVC.swift in Sources */,
				658AE91E2B5D7AC900BB26CA /* KeFuVC.swift in Sources */,
				658AE9882B6531D300BB26CA /* FileAvatarManager.swift in Sources */,
				658AE9172B5C2CE100BB26CA /* FollowView.swift in Sources */,
				652C7D752B5AD49400F2793D /* EleganceVC.swift in Sources */,
				658AE90B2B5C0D4A00BB26CA /* VoiceListView.swift in Sources */,
				6572732B2BD689860010C642 /* MineWebVC.swift in Sources */,
				65EB27EC2BD8F9BF0023665E /* MD_MessageVC.swift in Sources */,
				658AE9372B5EBF6D00BB26CA /* UserDetailsView.swift in Sources */,
				652C7D7C2B5AD7D300F2793D /* EleganceView.swift in Sources */,
				654BFF782B58236D003880E0 /* PrivacyPopUpView.swift in Sources */,
				657273202BD6126A0010C642 /* ReservationServiceSuccessVC.swift in Sources */,
				654BFF8A2B58D184003880E0 /* BaseNavigationController.swift in Sources */,
				658AE90D2B5C0D8300BB26CA /* EleganceVideoView.swift in Sources */,
				654BFF7C2B58268E003880E0 /* SystemTool.swift in Sources */,
				658AE92F2B5EAFEB00BB26CA /* ImagePickerManager.swift in Sources */,
				658AE9202B5DFA3B00BB26CA /* SetVC.swift in Sources */,
				652C7D772B5AD4A300F2793D /* LeisureVC.swift in Sources */,
				658AE98C2B677FBF00BB26CA /* ImageShowView.swift in Sources */,
				658AE9862B63B21F00BB26CA /* AudioManager.swift in Sources */,
				65BFA7922B56723000F61805 /* AppDelegate.swift in Sources */,
				658AE9432B5FBC8700BB26CA /* UserAlbumListView.swift in Sources */,
				65BFA7942B56723000F61805 /* SceneDelegate.swift in Sources */,
				655639B82B5AC75C00AB0DC2 /* ProtocolPolicyVC.swift in Sources */,
				6572731C2BD60D270010C642 /* ReservationServiceVC.swift in Sources */,
				6572732D2BD68FDA0010C642 /* WxPayTool.swift in Sources */,
				658AE9732B622B0200BB26CA /* LocationManager.swift in Sources */,
				657273292BD685BE0010C642 /* UIButton+Ex.swift in Sources */,
			);
			runOnlyForDeploymentPostprocessing = 0;
		};
/* End PBXSourcesBuildPhase section */

/* Begin PBXVariantGroup section */
		65BFA7972B56723000F61805 /* Main.storyboard */ = {
			isa = PBXVariantGroup;
			children = (
				65BFA7982B56723000F61805 /* Base */,
			);
			name = Main.storyboard;
			sourceTree = "<group>";
		};
		65BFA79C2B56723200F61805 /* LaunchScreen.storyboard */ = {
			isa = PBXVariantGroup;
			children = (
				65BFA79D2B56723200F61805 /* Base */,
			);
			name = LaunchScreen.storyboard;
			sourceTree = "<group>";
		};
/* End PBXVariantGroup section */

/* Begin XCBuildConfiguration section */
		65BFA7A02B56723200F61805 /* Debug */ = {
			isa = XCBuildConfiguration;
			buildSettings = {
				ALWAYS_SEARCH_USER_PATHS = NO;
				ASSETCATALOG_COMPILER_GENERATE_SWIFT_ASSET_SYMBOL_EXTENSIONS = YES;
				CLANG_ANALYZER_NONNULL = YES;
				CLANG_ANALYZER_NUMBER_OBJECT_CONVERSION = YES_AGGRESSIVE;
				CLANG_CXX_LANGUAGE_STANDARD = "gnu++20";
				CLANG_ENABLE_MODULES = YES;
				CLANG_ENABLE_OBJC_ARC = YES;
				CLANG_ENABLE_OBJC_WEAK = YES;
				CLANG_WARN_BLOCK_CAPTURE_AUTORELEASING = YES;
				CLANG_WARN_BOOL_CONVERSION = YES;
				CLANG_WARN_COMMA = YES;
				CLANG_WARN_CONSTANT_CONVERSION = YES;
				CLANG_WARN_DEPRECATED_OBJC_IMPLEMENTATIONS = YES;
				CLANG_WARN_DIRECT_OBJC_ISA_USAGE = YES_ERROR;
				CLANG_WARN_DOCUMENTATION_COMMENTS = YES;
				CLANG_WARN_EMPTY_BODY = YES;
				CLANG_WARN_ENUM_CONVERSION = YES;
				CLANG_WARN_INFINITE_RECURSION = YES;
				CLANG_WARN_INT_CONVERSION = YES;
				CLANG_WARN_NON_LITERAL_NULL_CONVERSION = YES;
				CLANG_WARN_OBJC_IMPLICIT_RETAIN_SELF = YES;
				CLANG_WARN_OBJC_LITERAL_CONVERSION = YES;
				CLANG_WARN_OBJC_ROOT_CLASS = YES_ERROR;
				CLANG_WARN_QUOTED_INCLUDE_IN_FRAMEWORK_HEADER = YES;
				CLANG_WARN_RANGE_LOOP_ANALYSIS = YES;
				CLANG_WARN_STRICT_PROTOTYPES = YES;
				CLANG_WARN_SUSPICIOUS_MOVE = YES;
				CLANG_WARN_UNGUARDED_AVAILABILITY = YES_AGGRESSIVE;
				CLANG_WARN_UNREACHABLE_CODE = YES;
				CLANG_WARN__DUPLICATE_METHOD_MATCH = YES;
				COPY_PHASE_STRIP = NO;
				DEBUG_INFORMATION_FORMAT = dwarf;
				ENABLE_STRICT_OBJC_MSGSEND = YES;
				ENABLE_TESTABILITY = YES;
				ENABLE_USER_SCRIPT_SANDBOXING = YES;
				GCC_C_LANGUAGE_STANDARD = gnu17;
				GCC_DYNAMIC_NO_PIC = NO;
				GCC_NO_COMMON_BLOCKS = YES;
				GCC_OPTIMIZATION_LEVEL = 0;
				GCC_PREPROCESSOR_DEFINITIONS = (
					"DEBUG=1",
					"$(inherited)",
				);
				GCC_WARN_64_TO_32_BIT_CONVERSION = YES;
				GCC_WARN_ABOUT_RETURN_TYPE = YES_ERROR;
				GCC_WARN_UNDECLARED_SELECTOR = YES;
				GCC_WARN_UNINITIALIZED_AUTOS = YES_AGGRESSIVE;
				GCC_WARN_UNUSED_FUNCTION = YES;
				GCC_WARN_UNUSED_VARIABLE = YES;
				IPHONEOS_DEPLOYMENT_TARGET = 17.2;
				LOCALIZATION_PREFERS_STRING_CATALOGS = YES;
				MTL_ENABLE_DEBUG_INFO = INCLUDE_SOURCE;
				MTL_FAST_MATH = YES;
				ONLY_ACTIVE_ARCH = YES;
				SDKROOT = iphoneos;
				SWIFT_ACTIVE_COMPILATION_CONDITIONS = "DEBUG $(inherited)";
				SWIFT_OPTIMIZATION_LEVEL = "-Onone";
			};
			name = Debug;
		};
		65BFA7A12B56723200F61805 /* Release */ = {
			isa = XCBuildConfiguration;
			buildSettings = {
				ALWAYS_SEARCH_USER_PATHS = NO;
				ASSETCATALOG_COMPILER_GENERATE_SWIFT_ASSET_SYMBOL_EXTENSIONS = YES;
				CLANG_ANALYZER_NONNULL = YES;
				CLANG_ANALYZER_NUMBER_OBJECT_CONVERSION = YES_AGGRESSIVE;
				CLANG_CXX_LANGUAGE_STANDARD = "gnu++20";
				CLANG_ENABLE_MODULES = YES;
				CLANG_ENABLE_OBJC_ARC = YES;
				CLANG_ENABLE_OBJC_WEAK = YES;
				CLANG_WARN_BLOCK_CAPTURE_AUTORELEASING = YES;
				CLANG_WARN_BOOL_CONVERSION = YES;
				CLANG_WARN_COMMA = YES;
				CLANG_WARN_CONSTANT_CONVERSION = YES;
				CLANG_WARN_DEPRECATED_OBJC_IMPLEMENTATIONS = YES;
				CLANG_WARN_DIRECT_OBJC_ISA_USAGE = YES_ERROR;
				CLANG_WARN_DOCUMENTATION_COMMENTS = YES;
				CLANG_WARN_EMPTY_BODY = YES;
				CLANG_WARN_ENUM_CONVERSION = YES;
				CLANG_WARN_INFINITE_RECURSION = YES;
				CLANG_WARN_INT_CONVERSION = YES;
				CLANG_WARN_NON_LITERAL_NULL_CONVERSION = YES;
				CLANG_WARN_OBJC_IMPLICIT_RETAIN_SELF = YES;
				CLANG_WARN_OBJC_LITERAL_CONVERSION = YES;
				CLANG_WARN_OBJC_ROOT_CLASS = YES_ERROR;
				CLANG_WARN_QUOTED_INCLUDE_IN_FRAMEWORK_HEADER = YES;
				CLANG_WARN_RANGE_LOOP_ANALYSIS = YES;
				CLANG_WARN_STRICT_PROTOTYPES = YES;
				CLANG_WARN_SUSPICIOUS_MOVE = YES;
				CLANG_WARN_UNGUARDED_AVAILABILITY = YES_AGGRESSIVE;
				CLANG_WARN_UNREACHABLE_CODE = YES;
				CLANG_WARN__DUPLICATE_METHOD_MATCH = YES;
				COPY_PHASE_STRIP = NO;
				DEBUG_INFORMATION_FORMAT = "dwarf-with-dsym";
				ENABLE_NS_ASSERTIONS = NO;
				ENABLE_STRICT_OBJC_MSGSEND = YES;
				ENABLE_USER_SCRIPT_SANDBOXING = YES;
				GCC_C_LANGUAGE_STANDARD = gnu17;
				GCC_NO_COMMON_BLOCKS = YES;
				GCC_WARN_64_TO_32_BIT_CONVERSION = YES;
				GCC_WARN_ABOUT_RETURN_TYPE = YES_ERROR;
				GCC_WARN_UNDECLARED_SELECTOR = YES;
				GCC_WARN_UNINITIALIZED_AUTOS = YES_AGGRESSIVE;
				GCC_WARN_UNUSED_FUNCTION = YES;
				GCC_WARN_UNUSED_VARIABLE = YES;
				IPHONEOS_DEPLOYMENT_TARGET = 17.2;
				LOCALIZATION_PREFERS_STRING_CATALOGS = YES;
				MTL_ENABLE_DEBUG_INFO = NO;
				MTL_FAST_MATH = YES;
				SDKROOT = iphoneos;
				SWIFT_COMPILATION_MODE = wholemodule;
				VALIDATE_PRODUCT = YES;
			};
			name = Release;
		};
		65BFA7A32B56723200F61805 /* Debug */ = {
			isa = XCBuildConfiguration;
			baseConfigurationReference = 10503D0A00D50561B7276F28 /* Pods-MassageDT.debug.xcconfig */;
			buildSettings = {
				ASSETCATALOG_COMPILER_APPICON_NAME = AppIcon;
				ASSETCATALOG_COMPILER_GLOBAL_ACCENT_COLOR_NAME = AccentColor;
				CLANG_ENABLE_MODULES = YES;
				CODE_SIGN_ENTITLEMENTS = MassageDT/MassageDT.entitlements;
				CODE_SIGN_STYLE = Automatic;
				CURRENT_PROJECT_VERSION = 1;
				DEVELOPMENT_TEAM = 2FXAU7VW4X;
				ENABLE_USER_SCRIPT_SANDBOXING = NO;
				GENERATE_INFOPLIST_FILE = YES;
				INFOPLIST_FILE = MassageDT/Info.plist;
				INFOPLIST_KEY_CFBundleDisplayName = "按摩技师语音视频风采";
				INFOPLIST_KEY_NSLocationWhenInUseUsageDescription = "我们希望访问您的位置，尽可能向您推荐合适的信息";
				INFOPLIST_KEY_NSPhotoLibraryUsageDescription = "该应用程序需要您的同意才能访问相册以设置头像信息";
				INFOPLIST_KEY_NSUserTrackingUsageDescription = "我们希望尽可能的为您推荐更精准的信息和优质服务，需要获取您的设备信息。";
				INFOPLIST_KEY_UIApplicationSupportsIndirectInputEvents = YES;
				INFOPLIST_KEY_UILaunchStoryboardName = LaunchScreen;
				INFOPLIST_KEY_UIMainStoryboardFile = Main;
				INFOPLIST_KEY_UISupportedInterfaceOrientations = UIInterfaceOrientationPortrait;
				INFOPLIST_KEY_UISupportedInterfaceOrientations_iPad = "UIInterfaceOrientationLandscapeLeft UIInterfaceOrientationLandscapeRight UIInterfaceOrientationPortrait UIInterfaceOrientationPortraitUpsideDown";
				INFOPLIST_KEY_UIUserInterfaceStyle = Light;
				IPHONEOS_DEPLOYMENT_TARGET = 15.0;
				LD_RUNPATH_SEARCH_PATHS = (
					"$(inherited)",
					"@executable_path/Frameworks",
				);
				LIBRARY_SEARCH_PATHS = (
					"$(inherited)",
					"$(PROJECT_DIR)",
				);
				MARKETING_VERSION = 1.0.5;
				PRODUCT_BUNDLE_IDENTIFIER = com.dt.qw3;
				PRODUCT_NAME = "$(TARGET_NAME)";
				SUPPORTED_PLATFORMS = "iphoneos iphonesimulator";
				SUPPORTS_MACCATALYST = NO;
				SUPPORTS_MAC_DESIGNED_FOR_IPHONE_IPAD = NO;
				SUPPORTS_XR_DESIGNED_FOR_IPHONE_IPAD = NO;
				SWIFT_EMIT_LOC_STRINGS = YES;
				SWIFT_OBJC_BRIDGING_HEADER = "MassageDT/MassageDT-Bridging-Header.h";
				SWIFT_OPTIMIZATION_LEVEL = "-Onone";
				SWIFT_VERSION = 5.0;
				TARGETED_DEVICE_FAMILY = 1;
			};
			name = Debug;
		};
		65BFA7A42B56723200F61805 /* Release */ = {
			isa = XCBuildConfiguration;
			baseConfigurationReference = DEC8B311AEB73DDF1F4517DB /* Pods-MassageDT.release.xcconfig */;
			buildSettings = {
				ASSETCATALOG_COMPILER_APPICON_NAME = AppIcon;
				ASSETCATALOG_COMPILER_GLOBAL_ACCENT_COLOR_NAME = AccentColor;
				CLANG_ENABLE_MODULES = YES;
				CODE_SIGN_ENTITLEMENTS = MassageDT/MassageDTRelease.entitlements;
				CODE_SIGN_IDENTITY = "Apple Development";
				CODE_SIGN_STYLE = Manual;
				CURRENT_PROJECT_VERSION = 1;
				DEVELOPMENT_TEAM = "";
				ENABLE_USER_SCRIPT_SANDBOXING = NO;
				GENERATE_INFOPLIST_FILE = YES;
				INFOPLIST_FILE = MassageDT/Info.plist;
				INFOPLIST_KEY_CFBundleDisplayName = "按摩技师语音视频风采";
				INFOPLIST_KEY_NSLocationWhenInUseUsageDescription = "我们希望访问您的位置，尽可能向您推荐合适的信息";
				INFOPLIST_KEY_NSPhotoLibraryUsageDescription = "该应用程序需要您的同意才能访问相册以设置头像信息";
				INFOPLIST_KEY_NSUserTrackingUsageDescription = "我们希望尽可能的为您推荐更精准的信息和优质服务，需要获取您的设备信息。";
				INFOPLIST_KEY_UIApplicationSupportsIndirectInputEvents = YES;
				INFOPLIST_KEY_UILaunchStoryboardName = LaunchScreen;
				INFOPLIST_KEY_UIMainStoryboardFile = Main;
				INFOPLIST_KEY_UISupportedInterfaceOrientations = UIInterfaceOrientationPortrait;
				INFOPLIST_KEY_UISupportedInterfaceOrientations_iPad = "UIInterfaceOrientationLandscapeLeft UIInterfaceOrientationLandscapeRight UIInterfaceOrientationPortrait UIInterfaceOrientationPortraitUpsideDown";
				INFOPLIST_KEY_UIUserInterfaceStyle = Light;
				IPHONEOS_DEPLOYMENT_TARGET = 15.0;
				LD_RUNPATH_SEARCH_PATHS = (
					"$(inherited)",
					"@executable_path/Frameworks",
				);
				LIBRARY_SEARCH_PATHS = (
					"$(inherited)",
					"$(PROJECT_DIR)",
				);
				MARKETING_VERSION = 1.0.5;
				PRODUCT_BUNDLE_IDENTIFIER = com.dhmingkun.dtlvision;
				PRODUCT_NAME = "$(TARGET_NAME)";
				PROVISIONING_PROFILE_SPECIFIER = "";
				SUPPORTED_PLATFORMS = "iphoneos iphonesimulator";
				SUPPORTS_MACCATALYST = NO;
				SUPPORTS_MAC_DESIGNED_FOR_IPHONE_IPAD = NO;
				SUPPORTS_XR_DESIGNED_FOR_IPHONE_IPAD = NO;
				SWIFT_EMIT_LOC_STRINGS = YES;
				SWIFT_OBJC_BRIDGING_HEADER = "MassageDT/MassageDT-Bridging-Header.h";
				SWIFT_VERSION = 5.0;
				TARGETED_DEVICE_FAMILY = 1;
			};
			name = Release;
		};
/* End XCBuildConfiguration section */

/* Begin XCConfigurationList section */
		65BFA7892B56723000F61805 /* Build configuration list for PBXProject "MassageDT" */ = {
			isa = XCConfigurationList;
			buildConfigurations = (
				65BFA7A02B56723200F61805 /* Debug */,
				65BFA7A12B56723200F61805 /* Release */,
			);
			defaultConfigurationIsVisible = 0;
			defaultConfigurationName = Release;
		};
		65BFA7A22B56723200F61805 /* Build configuration list for PBXNativeTarget "MassageDT" */ = {
			isa = XCConfigurationList;
			buildConfigurations = (
				65BFA7A32B56723200F61805 /* Debug */,
				65BFA7A42B56723200F61805 /* Release */,
			);
			defaultConfigurationIsVisible = 0;
			defaultConfigurationName = Release;
		};
/* End XCConfigurationList section */
	};
	rootObject = 65BFA7862B56723000F61805 /* Project object */;
}
